{
  "nodes": {
    "nixpkgs": {
      "locked": {
        "lastModified": 1692698134,
        "narHash": "sha256-YtMmZWR/dlTypOcwiZfZTMPr3tj9fwr05QTStfSyDSg=",
        "owner": "NixOS",
        "repo": "nixpkgs",
        "rev": "a16f7eb56e88c8985fcc6eb81dabd6cade4e425a",
        "type": "github"
      },
      "original": {
        "owner": "NixOS",
        "ref": "nixos-23.05",
        "repo": "nixpkgs",
        "type": "github"
      }
    },
    "root": {
      "inputs": {
        "nixpkgs": "nixpkgs"
      }
    }
  },
  "root": "root",
  "version": 7
}
